
Microsoft Visual Studio Solution File, Format Version 11.00
# Visual Studio 2010
Project("{FAE04EC0-301F-11D3-BF4B-00C04F79EFBC}") = "FluidsForms", "FluidsForms.csproj", "{0429031A-57DA-4506-8EB9-FA35775C7BC2}"
	ProjectSection(ProjectDependencies) = postProject
		{47D76C77-F373-42FB-B9BC-6A3644698173} = {47D76C77-F373-42FB-B9BC-6A3644698173}
	EndProjectSection
EndProject
Project("{8BC9CEB8-8B4A-11D0-8D11-00A0C91BC942}") = "CudaKernels", "CudaKernels\CudaKernels.vcxproj", "{47D76C77-F373-42FB-B9BC-6A3644698173}"
EndProject
Global
	GlobalSection(SolutionConfigurationPlatforms) = preSolution
		Debug|Mixed Platforms = Debug|Mixed Platforms
		Debug|Win32 = Debug|Win32
		Debug|x86 = Debug|x86
		Release|Mixed Platforms = Release|Mixed Platforms
		Release|Win32 = Release|Win32
		Release|x86 = Release|x86
	EndGlobalSection
	GlobalSection(ProjectConfigurationPlatforms) = postSolution
		{0429031A-57DA-4506-8EB9-FA35775C7BC2}.Debug|Mixed Platforms.ActiveCfg = Debug|x86
		{0429031A-57DA-4506-8EB9-FA35775C7BC2}.Debug|Mixed Platforms.Build.0 = Debug|x86
		{0429031A-57DA-4506-8EB9-FA35775C7BC2}.Debug|Win32.ActiveCfg = Debug|x86
		{0429031A-57DA-4506-8EB9-FA35775C7BC2}.Debug|x86.ActiveCfg = Debug|x86
		{0429031A-57DA-4506-8EB9-FA35775C7BC2}.Debug|x86.Build.0 = Debug|x86
		{0429031A-57DA-4506-8EB9-FA35775C7BC2}.Release|Mixed Platforms.ActiveCfg = Release|x86
		{0429031A-57DA-4506-8EB9-FA35775C7BC2}.Release|Mixed Platforms.Build.0 = Release|x86
		{0429031A-57DA-4506-8EB9-FA35775C7BC2}.Release|Win32.ActiveCfg = Release|x86
		{0429031A-57DA-4506-8EB9-FA35775C7BC2}.Release|x86.ActiveCfg = Release|x86
		{0429031A-57DA-4506-8EB9-FA35775C7BC2}.Release|x86.Build.0 = Release|x86
		{47D76C77-F373-42FB-B9BC-6A3644698173}.Debug|Mixed Platforms.ActiveCfg = Debug|Win32
		{47D76C77-F373-42FB-B9BC-6A3644698173}.Debug|Mixed Platforms.Build.0 = Debug|Win32
		{47D76C77-F373-42FB-B9BC-6A3644698173}.Debug|Win32.ActiveCfg = Debug|Win32
		{47D76C77-F373-42FB-B9BC-6A3644698173}.Debug|Win32.Build.0 = Debug|Win32
		{47D76C77-F373-42FB-B9BC-6A3644698173}.Debug|x86.ActiveCfg = Debug|Win32
		{47D76C77-F373-42FB-B9BC-6A3644698173}.Release|Mixed Platforms.ActiveCfg = Release|Win32
		{47D76C77-F373-42FB-B9BC-6A3644698173}.Release|Mixed Platforms.Build.0 = Release|Win32
		{47D76C77-F373-42FB-B9BC-6A3644698173}.Release|Win32.ActiveCfg = Release|Win32
		{47D76C77-F373-42FB-B9BC-6A3644698173}.Release|Win32.Build.0 = Release|Win32
		{47D76C77-F373-42FB-B9BC-6A3644698173}.Release|x86.ActiveCfg = Release|Win32
	EndGlobalSection
	GlobalSection(SolutionProperties) = preSolution
		HideSolutionNode = FALSE
	EndGlobalSection
EndGlobal
