
Microsoft Visual Studio Solution File, Format Version 11.00
# Visual Studio 2010
Project("{8BC9CEB8-8B4A-11D0-8D11-00A0C91BC942}") = "CudaKernels", "CudaKernels\CudaKernels.vcxproj", "{4782300B-4487-4832-BF1E-7AC523171A94}"
EndProject
Project("{FAE04EC0-301F-11D3-BF4B-00C04F79EFBC}") = "vectorAdd", "vectorAdd\vectorAdd.csproj", "{DBF691D3-6961-4ADB-AFD7-DECA6E502B50}"
	ProjectSection(ProjectDependencies) = postProject
		{4782300B-4487-4832-BF1E-7AC523171A94} = {4782300B-4487-4832-BF1E-7AC523171A94}
		{616A45A5-D2AE-4620-A9BA-CDF72DCF483C} = {616A45A5-D2AE-4620-A9BA-CDF72DCF483C}
	EndProjectSection
EndProject
Project("{FAE04EC0-301F-11D3-BF4B-00C04F79EFBC}") = "simplePitchLinearTexture", "simplePitchLinearTexture\simplePitchLinearTexture.csproj", "{FF09234C-831E-4611-B1EB-266E4C6F8122}"
	ProjectSection(ProjectDependencies) = postProject
		{4782300B-4487-4832-BF1E-7AC523171A94} = {4782300B-4487-4832-BF1E-7AC523171A94}
	EndProjectSection
EndProject
Project("{FAE04EC0-301F-11D3-BF4B-00C04F79EFBC}") = "shrQATest", "shrQATest\shrQATest.csproj", "{616A45A5-D2AE-4620-A9BA-CDF72DCF483C}"
EndProject
Project("{FAE04EC0-301F-11D3-BF4B-00C04F79EFBC}") = "GrabCutNPP", "GrabCutNPP\GrabCutNPP.csproj", "{4B6919A4-ECA4-43C3-B71E-61337B34090F}"
	ProjectSection(ProjectDependencies) = postProject
		{4782300B-4487-4832-BF1E-7AC523171A94} = {4782300B-4487-4832-BF1E-7AC523171A94}
	EndProjectSection
EndProject
Project("{FAE04EC0-301F-11D3-BF4B-00C04F79EFBC}") = "simpleStreams", "simpleStreams\simpleStreams.csproj", "{2B1C6B92-E7BB-439C-A044-81D265C1D3E3}"
	ProjectSection(ProjectDependencies) = postProject
		{4782300B-4487-4832-BF1E-7AC523171A94} = {4782300B-4487-4832-BF1E-7AC523171A94}
	EndProjectSection
EndProject
Project("{FAE04EC0-301F-11D3-BF4B-00C04F79EFBC}") = "NPP_HistogramEqualization", "NPP_HistogramEqualization\NPP_HistogramEqualization.csproj", "{37425410-76ED-4349-B1B5-0894025868EB}"
	ProjectSection(ProjectDependencies) = postProject
		{616A45A5-D2AE-4620-A9BA-CDF72DCF483C} = {616A45A5-D2AE-4620-A9BA-CDF72DCF483C}
	EndProjectSection
EndProject
Project("{FAE04EC0-301F-11D3-BF4B-00C04F79EFBC}") = "FluidsWPF", "FluidsWPF\FluidsWPF.csproj", "{330CA6BA-D439-4786-9DA2-A3A2ED0B561A}"
	ProjectSection(ProjectDependencies) = postProject
		{47D76C77-F373-42FB-B9BC-6A3644698173} = {47D76C77-F373-42FB-B9BC-6A3644698173}
	EndProjectSection
EndProject
Project("{8BC9CEB8-8B4A-11D0-8D11-00A0C91BC942}") = "FluidKernel", "FluidKernel\FluidKernel.vcxproj", "{47D76C77-F373-42FB-B9BC-6A3644698173}"
EndProject
Project("{FAE04EC0-301F-11D3-BF4B-00C04F79EFBC}") = "FluidsForms", "FluidsForms\FluidsForms.csproj", "{0429031A-57DA-4506-8EB9-FA35775C7BC2}"
	ProjectSection(ProjectDependencies) = postProject
		{47D76C77-F373-42FB-B9BC-6A3644698173} = {47D76C77-F373-42FB-B9BC-6A3644698173}
	EndProjectSection
EndProject
Project("{FAE04EC0-301F-11D3-BF4B-00C04F79EFBC}") = "FluidsGLCSharp", "FluidsGLCSharp\FluidsGLCSharp.csproj", "{EF2A21F6-3E9E-4291-B31B-FEE217BCE692}"
	ProjectSection(ProjectDependencies) = postProject
		{47D76C77-F373-42FB-B9BC-6A3644698173} = {47D76C77-F373-42FB-B9BC-6A3644698173}
	EndProjectSection
EndProject
Global
	GlobalSection(SolutionConfigurationPlatforms) = preSolution
		Debug|Any CPU = Debug|Any CPU
		Debug|Mixed Platforms = Debug|Mixed Platforms
		Debug|Win32 = Debug|Win32
		Debug|x64 = Debug|x64
		Debug|x86 = Debug|x86
		Release|Any CPU = Release|Any CPU
		Release|Mixed Platforms = Release|Mixed Platforms
		Release|Win32 = Release|Win32
		Release|x64 = Release|x64
		Release|x86 = Release|x86
	EndGlobalSection
	GlobalSection(ProjectConfigurationPlatforms) = postSolution
		{4782300B-4487-4832-BF1E-7AC523171A94}.Debug|Any CPU.ActiveCfg = Debug|x64
		{4782300B-4487-4832-BF1E-7AC523171A94}.Debug|Any CPU.Build.0 = Debug|x64
		{4782300B-4487-4832-BF1E-7AC523171A94}.Debug|Mixed Platforms.ActiveCfg = Debug|Win32
		{4782300B-4487-4832-BF1E-7AC523171A94}.Debug|Mixed Platforms.Build.0 = Debug|Win32
		{4782300B-4487-4832-BF1E-7AC523171A94}.Debug|Win32.ActiveCfg = Debug|Win32
		{4782300B-4487-4832-BF1E-7AC523171A94}.Debug|Win32.Build.0 = Debug|Win32
		{4782300B-4487-4832-BF1E-7AC523171A94}.Debug|x64.ActiveCfg = Debug|x64
		{4782300B-4487-4832-BF1E-7AC523171A94}.Debug|x64.Build.0 = Debug|x64
		{4782300B-4487-4832-BF1E-7AC523171A94}.Debug|x86.ActiveCfg = Debug|Win32
		{4782300B-4487-4832-BF1E-7AC523171A94}.Debug|x86.Build.0 = Debug|Win32
		{4782300B-4487-4832-BF1E-7AC523171A94}.Release|Any CPU.ActiveCfg = Release|x64
		{4782300B-4487-4832-BF1E-7AC523171A94}.Release|Any CPU.Build.0 = Release|x64
		{4782300B-4487-4832-BF1E-7AC523171A94}.Release|Mixed Platforms.ActiveCfg = Release|Win32
		{4782300B-4487-4832-BF1E-7AC523171A94}.Release|Mixed Platforms.Build.0 = Release|Win32
		{4782300B-4487-4832-BF1E-7AC523171A94}.Release|Win32.ActiveCfg = Release|Win32
		{4782300B-4487-4832-BF1E-7AC523171A94}.Release|Win32.Build.0 = Release|Win32
		{4782300B-4487-4832-BF1E-7AC523171A94}.Release|x64.ActiveCfg = Release|x64
		{4782300B-4487-4832-BF1E-7AC523171A94}.Release|x64.Build.0 = Release|x64
		{4782300B-4487-4832-BF1E-7AC523171A94}.Release|x86.ActiveCfg = Release|Win32
		{4782300B-4487-4832-BF1E-7AC523171A94}.Release|x86.Build.0 = Release|Win32
		{DBF691D3-6961-4ADB-AFD7-DECA6E502B50}.Debug|Any CPU.ActiveCfg = Debug|Any CPU
		{DBF691D3-6961-4ADB-AFD7-DECA6E502B50}.Debug|Any CPU.Build.0 = Debug|Any CPU
		{DBF691D3-6961-4ADB-AFD7-DECA6E502B50}.Debug|Mixed Platforms.ActiveCfg = Debug|Any CPU
		{DBF691D3-6961-4ADB-AFD7-DECA6E502B50}.Debug|Mixed Platforms.Build.0 = Debug|Any CPU
		{DBF691D3-6961-4ADB-AFD7-DECA6E502B50}.Debug|Win32.ActiveCfg = Debug|Any CPU
		{DBF691D3-6961-4ADB-AFD7-DECA6E502B50}.Debug|Win32.Build.0 = Debug|Any CPU
		{DBF691D3-6961-4ADB-AFD7-DECA6E502B50}.Debug|x64.ActiveCfg = Debug|Any CPU
		{DBF691D3-6961-4ADB-AFD7-DECA6E502B50}.Debug|x64.Build.0 = Debug|Any CPU
		{DBF691D3-6961-4ADB-AFD7-DECA6E502B50}.Debug|x86.ActiveCfg = Debug|Any CPU
		{DBF691D3-6961-4ADB-AFD7-DECA6E502B50}.Debug|x86.Build.0 = Debug|Any CPU
		{DBF691D3-6961-4ADB-AFD7-DECA6E502B50}.Release|Any CPU.ActiveCfg = Release|Any CPU
		{DBF691D3-6961-4ADB-AFD7-DECA6E502B50}.Release|Any CPU.Build.0 = Release|Any CPU
		{DBF691D3-6961-4ADB-AFD7-DECA6E502B50}.Release|Mixed Platforms.ActiveCfg = Release|Any CPU
		{DBF691D3-6961-4ADB-AFD7-DECA6E502B50}.Release|Mixed Platforms.Build.0 = Release|Any CPU
		{DBF691D3-6961-4ADB-AFD7-DECA6E502B50}.Release|Win32.ActiveCfg = Release|Any CPU
		{DBF691D3-6961-4ADB-AFD7-DECA6E502B50}.Release|Win32.Build.0 = Release|Any CPU
		{DBF691D3-6961-4ADB-AFD7-DECA6E502B50}.Release|x64.ActiveCfg = Release|Any CPU
		{DBF691D3-6961-4ADB-AFD7-DECA6E502B50}.Release|x64.Build.0 = Release|Any CPU
		{DBF691D3-6961-4ADB-AFD7-DECA6E502B50}.Release|x86.ActiveCfg = Release|Any CPU
		{DBF691D3-6961-4ADB-AFD7-DECA6E502B50}.Release|x86.Build.0 = Release|Any CPU
		{FF09234C-831E-4611-B1EB-266E4C6F8122}.Debug|Any CPU.ActiveCfg = Debug|Any CPU
		{FF09234C-831E-4611-B1EB-266E4C6F8122}.Debug|Any CPU.Build.0 = Debug|Any CPU
		{FF09234C-831E-4611-B1EB-266E4C6F8122}.Debug|Mixed Platforms.ActiveCfg = Debug|Any CPU
		{FF09234C-831E-4611-B1EB-266E4C6F8122}.Debug|Mixed Platforms.Build.0 = Debug|Any CPU
		{FF09234C-831E-4611-B1EB-266E4C6F8122}.Debug|Win32.ActiveCfg = Debug|Any CPU
		{FF09234C-831E-4611-B1EB-266E4C6F8122}.Debug|Win32.Build.0 = Debug|Any CPU
		{FF09234C-831E-4611-B1EB-266E4C6F8122}.Debug|x64.ActiveCfg = Debug|Any CPU
		{FF09234C-831E-4611-B1EB-266E4C6F8122}.Debug|x64.Build.0 = Debug|Any CPU
		{FF09234C-831E-4611-B1EB-266E4C6F8122}.Debug|x86.ActiveCfg = Debug|Any CPU
		{FF09234C-831E-4611-B1EB-266E4C6F8122}.Debug|x86.Build.0 = Debug|Any CPU
		{FF09234C-831E-4611-B1EB-266E4C6F8122}.Release|Any CPU.ActiveCfg = Release|Any CPU
		{FF09234C-831E-4611-B1EB-266E4C6F8122}.Release|Any CPU.Build.0 = Release|Any CPU
		{FF09234C-831E-4611-B1EB-266E4C6F8122}.Release|Mixed Platforms.ActiveCfg = Release|Any CPU
		{FF09234C-831E-4611-B1EB-266E4C6F8122}.Release|Mixed Platforms.Build.0 = Release|Any CPU
		{FF09234C-831E-4611-B1EB-266E4C6F8122}.Release|Win32.ActiveCfg = Release|Any CPU
		{FF09234C-831E-4611-B1EB-266E4C6F8122}.Release|Win32.Build.0 = Release|Any CPU
		{FF09234C-831E-4611-B1EB-266E4C6F8122}.Release|x64.ActiveCfg = Release|Any CPU
		{FF09234C-831E-4611-B1EB-266E4C6F8122}.Release|x64.Build.0 = Release|Any CPU
		{FF09234C-831E-4611-B1EB-266E4C6F8122}.Release|x86.ActiveCfg = Release|Any CPU
		{FF09234C-831E-4611-B1EB-266E4C6F8122}.Release|x86.Build.0 = Release|Any CPU
		{616A45A5-D2AE-4620-A9BA-CDF72DCF483C}.Debug|Any CPU.ActiveCfg = Debug|Any CPU
		{616A45A5-D2AE-4620-A9BA-CDF72DCF483C}.Debug|Any CPU.Build.0 = Debug|Any CPU
		{616A45A5-D2AE-4620-A9BA-CDF72DCF483C}.Debug|Mixed Platforms.ActiveCfg = Debug|Any CPU
		{616A45A5-D2AE-4620-A9BA-CDF72DCF483C}.Debug|Mixed Platforms.Build.0 = Debug|Any CPU
		{616A45A5-D2AE-4620-A9BA-CDF72DCF483C}.Debug|Win32.ActiveCfg = Debug|Any CPU
		{616A45A5-D2AE-4620-A9BA-CDF72DCF483C}.Debug|Win32.Build.0 = Debug|Any CPU
		{616A45A5-D2AE-4620-A9BA-CDF72DCF483C}.Debug|x64.ActiveCfg = Debug|Any CPU
		{616A45A5-D2AE-4620-A9BA-CDF72DCF483C}.Debug|x64.Build.0 = Debug|Any CPU
		{616A45A5-D2AE-4620-A9BA-CDF72DCF483C}.Debug|x86.ActiveCfg = Debug|Any CPU
		{616A45A5-D2AE-4620-A9BA-CDF72DCF483C}.Debug|x86.Build.0 = Debug|Any CPU
		{616A45A5-D2AE-4620-A9BA-CDF72DCF483C}.Release|Any CPU.ActiveCfg = Release|Any CPU
		{616A45A5-D2AE-4620-A9BA-CDF72DCF483C}.Release|Any CPU.Build.0 = Release|Any CPU
		{616A45A5-D2AE-4620-A9BA-CDF72DCF483C}.Release|Mixed Platforms.ActiveCfg = Release|Any CPU
		{616A45A5-D2AE-4620-A9BA-CDF72DCF483C}.Release|Mixed Platforms.Build.0 = Release|Any CPU
		{616A45A5-D2AE-4620-A9BA-CDF72DCF483C}.Release|Win32.ActiveCfg = Release|Any CPU
		{616A45A5-D2AE-4620-A9BA-CDF72DCF483C}.Release|Win32.Build.0 = Release|Any CPU
		{616A45A5-D2AE-4620-A9BA-CDF72DCF483C}.Release|x64.ActiveCfg = Release|Any CPU
		{616A45A5-D2AE-4620-A9BA-CDF72DCF483C}.Release|x64.Build.0 = Release|Any CPU
		{616A45A5-D2AE-4620-A9BA-CDF72DCF483C}.Release|x86.ActiveCfg = Release|Any CPU
		{616A45A5-D2AE-4620-A9BA-CDF72DCF483C}.Release|x86.Build.0 = Release|Any CPU
		{4B6919A4-ECA4-43C3-B71E-61337B34090F}.Debug|Any CPU.ActiveCfg = Debug|x64
		{4B6919A4-ECA4-43C3-B71E-61337B34090F}.Debug|Any CPU.Build.0 = Debug|x64
		{4B6919A4-ECA4-43C3-B71E-61337B34090F}.Debug|Mixed Platforms.ActiveCfg = Debug|x86
		{4B6919A4-ECA4-43C3-B71E-61337B34090F}.Debug|Mixed Platforms.Build.0 = Debug|x86
		{4B6919A4-ECA4-43C3-B71E-61337B34090F}.Debug|Win32.ActiveCfg = Debug|x86
		{4B6919A4-ECA4-43C3-B71E-61337B34090F}.Debug|Win32.Build.0 = Debug|x86
		{4B6919A4-ECA4-43C3-B71E-61337B34090F}.Debug|x64.ActiveCfg = Debug|x64
		{4B6919A4-ECA4-43C3-B71E-61337B34090F}.Debug|x64.Build.0 = Debug|x64
		{4B6919A4-ECA4-43C3-B71E-61337B34090F}.Debug|x86.ActiveCfg = Debug|x86
		{4B6919A4-ECA4-43C3-B71E-61337B34090F}.Debug|x86.Build.0 = Debug|x86
		{4B6919A4-ECA4-43C3-B71E-61337B34090F}.Release|Any CPU.ActiveCfg = Release|x64
		{4B6919A4-ECA4-43C3-B71E-61337B34090F}.Release|Any CPU.Build.0 = Release|x64
		{4B6919A4-ECA4-43C3-B71E-61337B34090F}.Release|Mixed Platforms.ActiveCfg = Release|x86
		{4B6919A4-ECA4-43C3-B71E-61337B34090F}.Release|Mixed Platforms.Build.0 = Release|x86
		{4B6919A4-ECA4-43C3-B71E-61337B34090F}.Release|Win32.ActiveCfg = Release|x86
		{4B6919A4-ECA4-43C3-B71E-61337B34090F}.Release|Win32.Build.0 = Release|x86
		{4B6919A4-ECA4-43C3-B71E-61337B34090F}.Release|x64.ActiveCfg = Release|x64
		{4B6919A4-ECA4-43C3-B71E-61337B34090F}.Release|x64.Build.0 = Release|x64
		{4B6919A4-ECA4-43C3-B71E-61337B34090F}.Release|x86.ActiveCfg = Release|x86
		{4B6919A4-ECA4-43C3-B71E-61337B34090F}.Release|x86.Build.0 = Release|x86
		{2B1C6B92-E7BB-439C-A044-81D265C1D3E3}.Debug|Any CPU.ActiveCfg = Debug|Any CPU
		{2B1C6B92-E7BB-439C-A044-81D265C1D3E3}.Debug|Any CPU.Build.0 = Debug|Any CPU
		{2B1C6B92-E7BB-439C-A044-81D265C1D3E3}.Debug|Mixed Platforms.ActiveCfg = Debug|Any CPU
		{2B1C6B92-E7BB-439C-A044-81D265C1D3E3}.Debug|Mixed Platforms.Build.0 = Debug|Any CPU
		{2B1C6B92-E7BB-439C-A044-81D265C1D3E3}.Debug|Win32.ActiveCfg = Debug|Any CPU
		{2B1C6B92-E7BB-439C-A044-81D265C1D3E3}.Debug|Win32.Build.0 = Debug|Any CPU
		{2B1C6B92-E7BB-439C-A044-81D265C1D3E3}.Debug|x64.ActiveCfg = Debug|Any CPU
		{2B1C6B92-E7BB-439C-A044-81D265C1D3E3}.Debug|x64.Build.0 = Debug|Any CPU
		{2B1C6B92-E7BB-439C-A044-81D265C1D3E3}.Debug|x86.ActiveCfg = Debug|Any CPU
		{2B1C6B92-E7BB-439C-A044-81D265C1D3E3}.Debug|x86.Build.0 = Debug|Any CPU
		{2B1C6B92-E7BB-439C-A044-81D265C1D3E3}.Release|Any CPU.ActiveCfg = Release|Any CPU
		{2B1C6B92-E7BB-439C-A044-81D265C1D3E3}.Release|Any CPU.Build.0 = Release|Any CPU
		{2B1C6B92-E7BB-439C-A044-81D265C1D3E3}.Release|Mixed Platforms.ActiveCfg = Release|Any CPU
		{2B1C6B92-E7BB-439C-A044-81D265C1D3E3}.Release|Mixed Platforms.Build.0 = Release|Any CPU
		{2B1C6B92-E7BB-439C-A044-81D265C1D3E3}.Release|Win32.ActiveCfg = Release|Any CPU
		{2B1C6B92-E7BB-439C-A044-81D265C1D3E3}.Release|Win32.Build.0 = Release|Any CPU
		{2B1C6B92-E7BB-439C-A044-81D265C1D3E3}.Release|x64.ActiveCfg = Release|Any CPU
		{2B1C6B92-E7BB-439C-A044-81D265C1D3E3}.Release|x64.Build.0 = Release|Any CPU
		{2B1C6B92-E7BB-439C-A044-81D265C1D3E3}.Release|x86.ActiveCfg = Release|Any CPU
		{2B1C6B92-E7BB-439C-A044-81D265C1D3E3}.Release|x86.Build.0 = Release|Any CPU
		{37425410-76ED-4349-B1B5-0894025868EB}.Debug|Any CPU.ActiveCfg = Debug|x64
		{37425410-76ED-4349-B1B5-0894025868EB}.Debug|Any CPU.Build.0 = Debug|x64
		{37425410-76ED-4349-B1B5-0894025868EB}.Debug|Mixed Platforms.ActiveCfg = Debug|x86
		{37425410-76ED-4349-B1B5-0894025868EB}.Debug|Mixed Platforms.Build.0 = Debug|x86
		{37425410-76ED-4349-B1B5-0894025868EB}.Debug|Win32.ActiveCfg = Debug|x86
		{37425410-76ED-4349-B1B5-0894025868EB}.Debug|Win32.Build.0 = Debug|x86
		{37425410-76ED-4349-B1B5-0894025868EB}.Debug|x64.ActiveCfg = Debug|x64
		{37425410-76ED-4349-B1B5-0894025868EB}.Debug|x64.Build.0 = Debug|x64
		{37425410-76ED-4349-B1B5-0894025868EB}.Debug|x86.ActiveCfg = Debug|x86
		{37425410-76ED-4349-B1B5-0894025868EB}.Debug|x86.Build.0 = Debug|x86
		{37425410-76ED-4349-B1B5-0894025868EB}.Release|Any CPU.ActiveCfg = Release|x64
		{37425410-76ED-4349-B1B5-0894025868EB}.Release|Any CPU.Build.0 = Release|x64
		{37425410-76ED-4349-B1B5-0894025868EB}.Release|Mixed Platforms.ActiveCfg = Release|x86
		{37425410-76ED-4349-B1B5-0894025868EB}.Release|Mixed Platforms.Build.0 = Release|x86
		{37425410-76ED-4349-B1B5-0894025868EB}.Release|Win32.ActiveCfg = Release|x86
		{37425410-76ED-4349-B1B5-0894025868EB}.Release|Win32.Build.0 = Release|x86
		{37425410-76ED-4349-B1B5-0894025868EB}.Release|x64.ActiveCfg = Release|x64
		{37425410-76ED-4349-B1B5-0894025868EB}.Release|x64.Build.0 = Release|x64
		{37425410-76ED-4349-B1B5-0894025868EB}.Release|x86.ActiveCfg = Release|x86
		{37425410-76ED-4349-B1B5-0894025868EB}.Release|x86.Build.0 = Release|x86
		{330CA6BA-D439-4786-9DA2-A3A2ED0B561A}.Debug|Any CPU.ActiveCfg = Debug|x64
		{330CA6BA-D439-4786-9DA2-A3A2ED0B561A}.Debug|Any CPU.Build.0 = Debug|x64
		{330CA6BA-D439-4786-9DA2-A3A2ED0B561A}.Debug|Mixed Platforms.ActiveCfg = Debug|x86
		{330CA6BA-D439-4786-9DA2-A3A2ED0B561A}.Debug|Mixed Platforms.Build.0 = Debug|x86
		{330CA6BA-D439-4786-9DA2-A3A2ED0B561A}.Debug|Win32.ActiveCfg = Debug|x86
		{330CA6BA-D439-4786-9DA2-A3A2ED0B561A}.Debug|Win32.Build.0 = Debug|x86
		{330CA6BA-D439-4786-9DA2-A3A2ED0B561A}.Debug|x64.ActiveCfg = Debug|x64
		{330CA6BA-D439-4786-9DA2-A3A2ED0B561A}.Debug|x64.Build.0 = Debug|x64
		{330CA6BA-D439-4786-9DA2-A3A2ED0B561A}.Debug|x86.ActiveCfg = Debug|x86
		{330CA6BA-D439-4786-9DA2-A3A2ED0B561A}.Debug|x86.Build.0 = Debug|x86
		{330CA6BA-D439-4786-9DA2-A3A2ED0B561A}.Release|Any CPU.ActiveCfg = Release|x64
		{330CA6BA-D439-4786-9DA2-A3A2ED0B561A}.Release|Any CPU.Build.0 = Release|x64
		{330CA6BA-D439-4786-9DA2-A3A2ED0B561A}.Release|Mixed Platforms.ActiveCfg = Release|x86
		{330CA6BA-D439-4786-9DA2-A3A2ED0B561A}.Release|Mixed Platforms.Build.0 = Release|x86
		{330CA6BA-D439-4786-9DA2-A3A2ED0B561A}.Release|Win32.ActiveCfg = Release|x86
		{330CA6BA-D439-4786-9DA2-A3A2ED0B561A}.Release|Win32.Build.0 = Release|x86
		{330CA6BA-D439-4786-9DA2-A3A2ED0B561A}.Release|x64.ActiveCfg = Release|x64
		{330CA6BA-D439-4786-9DA2-A3A2ED0B561A}.Release|x64.Build.0 = Release|x64
		{330CA6BA-D439-4786-9DA2-A3A2ED0B561A}.Release|x86.ActiveCfg = Release|x86
		{330CA6BA-D439-4786-9DA2-A3A2ED0B561A}.Release|x86.Build.0 = Release|x86
		{47D76C77-F373-42FB-B9BC-6A3644698173}.Debug|Any CPU.ActiveCfg = Debug|x64
		{47D76C77-F373-42FB-B9BC-6A3644698173}.Debug|Any CPU.Build.0 = Debug|x64
		{47D76C77-F373-42FB-B9BC-6A3644698173}.Debug|Mixed Platforms.ActiveCfg = Debug|Win32
		{47D76C77-F373-42FB-B9BC-6A3644698173}.Debug|Mixed Platforms.Build.0 = Debug|Win32
		{47D76C77-F373-42FB-B9BC-6A3644698173}.Debug|Win32.ActiveCfg = Debug|Win32
		{47D76C77-F373-42FB-B9BC-6A3644698173}.Debug|Win32.Build.0 = Debug|Win32
		{47D76C77-F373-42FB-B9BC-6A3644698173}.Debug|x64.ActiveCfg = Debug|x64
		{47D76C77-F373-42FB-B9BC-6A3644698173}.Debug|x64.Build.0 = Debug|x64
		{47D76C77-F373-42FB-B9BC-6A3644698173}.Debug|x86.ActiveCfg = Debug|Win32
		{47D76C77-F373-42FB-B9BC-6A3644698173}.Debug|x86.Build.0 = Debug|Win32
		{47D76C77-F373-42FB-B9BC-6A3644698173}.Release|Any CPU.ActiveCfg = Release|x64
		{47D76C77-F373-42FB-B9BC-6A3644698173}.Release|Any CPU.Build.0 = Release|x64
		{47D76C77-F373-42FB-B9BC-6A3644698173}.Release|Mixed Platforms.ActiveCfg = Release|Win32
		{47D76C77-F373-42FB-B9BC-6A3644698173}.Release|Mixed Platforms.Build.0 = Release|Win32
		{47D76C77-F373-42FB-B9BC-6A3644698173}.Release|Win32.ActiveCfg = Release|Win32
		{47D76C77-F373-42FB-B9BC-6A3644698173}.Release|Win32.Build.0 = Release|Win32
		{47D76C77-F373-42FB-B9BC-6A3644698173}.Release|x64.ActiveCfg = Release|x64
		{47D76C77-F373-42FB-B9BC-6A3644698173}.Release|x64.Build.0 = Release|x64
		{47D76C77-F373-42FB-B9BC-6A3644698173}.Release|x86.ActiveCfg = Release|Win32
		{47D76C77-F373-42FB-B9BC-6A3644698173}.Release|x86.Build.0 = Release|Win32
		{0429031A-57DA-4506-8EB9-FA35775C7BC2}.Debug|Any CPU.ActiveCfg = Debug|x64
		{0429031A-57DA-4506-8EB9-FA35775C7BC2}.Debug|Any CPU.Build.0 = Debug|x64
		{0429031A-57DA-4506-8EB9-FA35775C7BC2}.Debug|Mixed Platforms.ActiveCfg = Debug|x86
		{0429031A-57DA-4506-8EB9-FA35775C7BC2}.Debug|Mixed Platforms.Build.0 = Debug|x86
		{0429031A-57DA-4506-8EB9-FA35775C7BC2}.Debug|Win32.ActiveCfg = Debug|x86
		{0429031A-57DA-4506-8EB9-FA35775C7BC2}.Debug|Win32.Build.0 = Debug|x86
		{0429031A-57DA-4506-8EB9-FA35775C7BC2}.Debug|x64.ActiveCfg = Debug|x64
		{0429031A-57DA-4506-8EB9-FA35775C7BC2}.Debug|x64.Build.0 = Debug|x64
		{0429031A-57DA-4506-8EB9-FA35775C7BC2}.Debug|x86.ActiveCfg = Debug|x86
		{0429031A-57DA-4506-8EB9-FA35775C7BC2}.Debug|x86.Build.0 = Debug|x86
		{0429031A-57DA-4506-8EB9-FA35775C7BC2}.Release|Any CPU.ActiveCfg = Release|x64
		{0429031A-57DA-4506-8EB9-FA35775C7BC2}.Release|Any CPU.Build.0 = Release|x64
		{0429031A-57DA-4506-8EB9-FA35775C7BC2}.Release|Mixed Platforms.ActiveCfg = Release|x86
		{0429031A-57DA-4506-8EB9-FA35775C7BC2}.Release|Mixed Platforms.Build.0 = Release|x86
		{0429031A-57DA-4506-8EB9-FA35775C7BC2}.Release|Win32.ActiveCfg = Release|x86
		{0429031A-57DA-4506-8EB9-FA35775C7BC2}.Release|Win32.Build.0 = Release|x86
		{0429031A-57DA-4506-8EB9-FA35775C7BC2}.Release|x64.ActiveCfg = Release|x64
		{0429031A-57DA-4506-8EB9-FA35775C7BC2}.Release|x64.Build.0 = Release|x64
		{0429031A-57DA-4506-8EB9-FA35775C7BC2}.Release|x86.ActiveCfg = Release|x86
		{0429031A-57DA-4506-8EB9-FA35775C7BC2}.Release|x86.Build.0 = Release|x86
		{EF2A21F6-3E9E-4291-B31B-FEE217BCE692}.Debug|Any CPU.ActiveCfg = Debug|x64
		{EF2A21F6-3E9E-4291-B31B-FEE217BCE692}.Debug|Any CPU.Build.0 = Debug|x64
		{EF2A21F6-3E9E-4291-B31B-FEE217BCE692}.Debug|Mixed Platforms.ActiveCfg = Debug|x86
		{EF2A21F6-3E9E-4291-B31B-FEE217BCE692}.Debug|Mixed Platforms.Build.0 = Debug|x86
		{EF2A21F6-3E9E-4291-B31B-FEE217BCE692}.Debug|Win32.ActiveCfg = Debug|x86
		{EF2A21F6-3E9E-4291-B31B-FEE217BCE692}.Debug|Win32.Build.0 = Debug|x86
		{EF2A21F6-3E9E-4291-B31B-FEE217BCE692}.Debug|x64.ActiveCfg = Debug|x64
		{EF2A21F6-3E9E-4291-B31B-FEE217BCE692}.Debug|x64.Build.0 = Debug|x64
		{EF2A21F6-3E9E-4291-B31B-FEE217BCE692}.Debug|x86.ActiveCfg = Debug|x86
		{EF2A21F6-3E9E-4291-B31B-FEE217BCE692}.Debug|x86.Build.0 = Debug|x86
		{EF2A21F6-3E9E-4291-B31B-FEE217BCE692}.Release|Any CPU.ActiveCfg = Release|x64
		{EF2A21F6-3E9E-4291-B31B-FEE217BCE692}.Release|Any CPU.Build.0 = Release|x64
		{EF2A21F6-3E9E-4291-B31B-FEE217BCE692}.Release|Mixed Platforms.ActiveCfg = Release|x86
		{EF2A21F6-3E9E-4291-B31B-FEE217BCE692}.Release|Mixed Platforms.Build.0 = Release|x86
		{EF2A21F6-3E9E-4291-B31B-FEE217BCE692}.Release|Win32.ActiveCfg = Release|x86
		{EF2A21F6-3E9E-4291-B31B-FEE217BCE692}.Release|Win32.Build.0 = Release|x86
		{EF2A21F6-3E9E-4291-B31B-FEE217BCE692}.Release|x64.ActiveCfg = Release|x64
		{EF2A21F6-3E9E-4291-B31B-FEE217BCE692}.Release|x64.Build.0 = Release|x64
		{EF2A21F6-3E9E-4291-B31B-FEE217BCE692}.Release|x86.ActiveCfg = Release|x86
		{EF2A21F6-3E9E-4291-B31B-FEE217BCE692}.Release|x86.Build.0 = Release|x86
	EndGlobalSection
	GlobalSection(SolutionProperties) = preSolution
		HideSolutionNode = FALSE
	EndGlobalSection
EndGlobal
